github.com/go-gl/gl v0.0.0-20180407155706-68e253793080 h1:pNxZva3052YM+z2p1aP08FgaTE2NzrRJZ5BHJCmKLzE=
github.com/go-gl/gl v0.0.0-20180407155706-68e253793080/go.mod h1:482civXOzJJCPzJ4ZOX/pwvXBWSnzD4OKMdH4ClKGbk=
github.com/go-gl/glfw v0.0.0-20180813204114-2484f3e51bc4 h1:4gBr8toVw4vfazzm1MpqiTd7ODKRRevdMEDO2yNggOk=
github.com/go-gl/glfw v0.0.0-20180813204114-2484f3e51bc4/go.mod h1:vR7hzQXu2zJy9AVAgeJqvqgH9Q5CA+iKCZ2gyEVpxRU=
github.com/golang-ui/nuklear v0.0.0-20180627231830-4cfd78fa9597 h1:KugI1HvxUJ1uAMD7l+CouQCubHGXDU0HbCk+3GMJf3Q=
github.com/golang-ui/nuklear v0.0.0-20180627231830-4cfd78fa9597/go.mod h1:xX2vbAOtImdmMK3nPye2JyxCZbPmbjg/IVBIzuxReKU=
github.com/veandco/go-sdl2 v0.0.0-20180912100132-3dabe02ca25e h1:3DdVyr2rV2mkR7x2Qy8FPecEVBAsq/JVF8IQpm6eLLw=
github.com/veandco/go-sdl2 v0.0.0-20180912100132-3dabe02ca25e/go.mod h1:FB+kTpX9YTE+urhYiClnRzpOXbiWgaU3+5F2AB78DPg=
github.com/xlab/android-go v0.0.0-20180723170811-ebf4d6dd1830 h1:t4JWwVd06FAAZiTLSIGzNtOQYXkX90Y3bXWwAXvjepk=
github.com/xlab/android-go v0.0.0-20180723170811-ebf4d6dd1830/go.mod h1:cX5Ob29gFddv5hlAJN3tmNcvHuNQwUXzIP06azWW1M8=
gocv.io/x/gocv v0.16.0 h1:mJ5mbvf973hIC+LZufx7G7htJFRCRt6SNSOIk1eW5rQ=
gocv.io/x/gocv v0.16.0/go.mod h1:3qacsKAMRS0sZmeLySWcbFeVEU3t86igWaQleAgiuBg=
golang.org/x/exp v0.0.0-20180907224206-e88728d35e99 h1:7IN8+ZMp04l/19EF+wsr7NM1jyvcadKINimAtWRyQk8=
golang.org/x/exp v0.0.0-20180907224206-e88728d35e99/go.mod h1:CJ0aWSM057203Lf6IL+f9T1iT9GByDxfZKAQTCR3kQA=
