github.com/kdevb0x/walkcam v0.0.0-20181122082736-c27777bd28c1 h1:cKDnXVm2sw8N2lzOQWI07OX6bFckic/UdUBPYXi7hbg=
github.com/kdevb0x/walkcam/purego v0.0.0-20181122082736-c27777bd28c1 h1:f/8TS6Meb4wDDfqGYrcxlZlJsyJRyP9WCqGVGiquMXM=
github.com/xlab/android-go v0.0.0-20180723170811-ebf4d6dd1830 h1:t4JWwVd06FAAZiTLSIGzNtOQYXkX90Y3bXWwAXvjepk=
github.com/xlab/android-go v0.0.0-20180723170811-ebf4d6dd1830/go.mod h1:cX5Ob29gFddv5hlAJN3tmNcvHuNQwUXzIP06azWW1M8=
