github.com/donomii/sceneCamera v0.0.0-20171128215016-98eeaa0c455f h1:WJW4+ZAgzwiumutDvkP70zIelklcYs8ujX8urYAENnI=
github.com/donomii/sceneCamera v0.0.0-20171128215016-98eeaa0c455f/go.mod h1:WJZjf6tsiOf5/YCBdut5KO7uJ3d9wuIBmA2djNq3utk=
github.com/go-gl/mathgl v0.0.0-20180804195959-cdf14b6b8f8a h1:2n5w2v3knlspzjJWyQPC0j88Mwvq0SZV0Jdws34GJwc=
github.com/go-gl/mathgl v0.0.0-20180804195959-cdf14b6b8f8a/go.mod h1:dvrdneKbyWbK2skTda0nM4B9zSlS2GZSnjX7itr/skQ=
github.com/kunaldawn/goandroid v0.0.0-20160723100232-28e5e0fa354f h1:5Ilz6WwuOVq2Ldx2pqnwhaJHaYwq94nS8S9QrqI6F4I=
github.com/kunaldawn/goandroid v0.0.0-20160723100232-28e5e0fa354f/go.mod h1:c2PhJfWJPSKlDm6OdN+LVxzIOBU6K6EYBaDqEYn4RFk=
golang.org/x/image v0.0.0-20180926015637-991ec62608f3 h1:5IfA9fqItkh2alJW94tvQk+6+RF9MW2q9DzwE8DBddQ=
golang.org/x/image v0.0.0-20180926015637-991ec62608f3/go.mod h1:ux5Hcp/YLpHSI86hEcLt0YII63i6oz57MZXIpbrjZUs=
golang.org/x/mobile v0.0.0-20180922163855-920b52be609a h1:k2W7wqwJjS98b+ECJjOyWbVLFqNVTfBTbjtJ1OsVqj8=
golang.org/x/mobile v0.0.0-20180922163855-920b52be609a/go.mod h1:z+o9i4GpDbdi3rU15maQ/Ox0txvL9dWGYEHz965HBQE=
